# This file is generated by running "yarn install" inside your project.
# Manual changes might be lost - proceed with caution!

__metadata:
  version: 8
  cacheKey: 10c0

"TacoCatRadar@workspace:.":
  version: 0.0.0-use.local
  resolution: "TacoCatRadar@workspace:."
  dependencies:
    bootstrap: "npm:4.5.3"
    confetti-js: "npm:^0.0.18"
    jquery: "npm:3.5.1"
    popper.js: "npm:1.16.1"
    sweetalert: "npm:^2.1.2"
  languageName: unknown
  linkType: soft

"bootstrap@npm:4.5.3":
  version: 4.5.3
  resolution: "bootstrap@npm:4.5.3"
  peerDependencies:
    jquery: 1.9.1 - 3
    popper.js: ^1.16.1
  checksum: 10c0/3f5e4b05c5256b0983bb52a4effd87bb2383a5c3aea29d2520040f434d8add5328cddf531abec536be5205323d5bf743006ed9bf7d476fa863bb1d49ae780a77
  languageName: node
  linkType: hard

"confetti-js@npm:^0.0.18":
  version: 0.0.18
  resolution: "confetti-js@npm:0.0.18"
  checksum: 10c0/06dd454eab703a72e0189a2923bee22dc54adfff73fb99075e6c3202f18faf40aef0d081c9993b7acc640949d80306d93b433d228a9683be93f2790427304cef
  languageName: node
  linkType: hard

"es6-object-assign@npm:^1.1.0":
  version: 1.1.0
  resolution: "es6-object-assign@npm:1.1.0"
  checksum: 10c0/11c165ae16866aca897dee9b689402f0e871589e859809343ef9e0fdd067133684db16fd15abdba2a99e7319222b9f43e6b747baabb909cee9d0ecbac8deebee
  languageName: node
  linkType: hard

"jquery@npm:3.5.1":
  version: 3.5.1
  resolution: "jquery@npm:3.5.1"
  checksum: 10c0/93cc01405c47d5c1e151604066afc58f68ee3f2f7404d949eef3f9c34c77e484825ddfff68bbbe84e8b5c4844743f59e29a00e944e9ef24ccaeacd11af867c82
  languageName: node
  linkType: hard

"popper.js@npm:1.16.1":
  version: 1.16.1
  resolution: "popper.js@npm:1.16.1"
  checksum: 10c0/1c1a826f757edb5b8c2049dfd7a9febf6ae1e9d0e51342fc715b49a0c1020fced250d26484619883651e097c5764bbcacd2f31496e3646027f079dd83e072681
  languageName: node
  linkType: hard

"promise-polyfill@npm:^6.0.2":
  version: 6.1.0
  resolution: "promise-polyfill@npm:6.1.0"
  checksum: 10c0/8fa1172b1b50efbc43f5eb8772e6a526ef70b9856f3d49172c8bea0ccee4413b29eb5d7f8b44015fe43b2d77a9db16d4c49d337b48b218661f92e5ab1c1fc672
  languageName: node
  linkType: hard

"sweetalert@npm:^2.1.2":
  version: 2.1.2
  resolution: "sweetalert@npm:2.1.2"
  dependencies:
    es6-object-assign: "npm:^1.1.0"
    promise-polyfill: "npm:^6.0.2"
  checksum: 10c0/a4ae074efc40375d74f499242ec02ff4cb8a19b031e666a4324438fdc655f6d0fa78b600160b374cc78ae6639bd3e0f4a697a46869d75575ece7c3522d7c093a
  languageName: node
  linkType: hard
